
Microsoft Visual Studio Solution File, Format Version 10.00
# Visual Studio 2008
Project("{FAE04EC0-301F-11D3-BF4B-00C04F79EFBC}") = "Bistrotech.DataMaintenanceApp", "Bistrotech.DataMaintenanceApp\Bistrotech.DataMaintenanceApp.csproj", "{06433A7D-C6F2-458C-A149-5BED2C35A872}"
EndProject
Project("{FAE04EC0-301F-11D3-BF4B-00C04F79EFBC}") = "Bistrotech.NamedEntities", "Bistrotech.NamedEntities\Bistrotech.NamedEntities.csproj", "{6469045E-63A7-422C-9FD4-A61E80C997A2}"
EndProject
Project("{FAE04EC0-301F-11D3-BF4B-00C04F79EFBC}") = "Bistrotech.NHibernate", "Bistrotech.NHibernate\Bistrotech.NHibernate.csproj", "{AB2D753E-6A15-48AD-B63A-59155937DD93}"
EndProject
Global
	GlobalSection(SolutionConfigurationPlatforms) = preSolution
		Debug|Any CPU = Debug|Any CPU
		Release|Any CPU = Release|Any CPU
	EndGlobalSection
	GlobalSection(ProjectConfigurationPlatforms) = postSolution
		{06433A7D-C6F2-458C-A149-5BED2C35A872}.Debug|Any CPU.ActiveCfg = Debug|Any CPU
		{06433A7D-C6F2-458C-A149-5BED2C35A872}.Debug|Any CPU.Build.0 = Debug|Any CPU
		{06433A7D-C6F2-458C-A149-5BED2C35A872}.Release|Any CPU.ActiveCfg = Release|Any CPU
		{06433A7D-C6F2-458C-A149-5BED2C35A872}.Release|Any CPU.Build.0 = Release|Any CPU
		{6469045E-63A7-422C-9FD4-A61E80C997A2}.Debug|Any CPU.ActiveCfg = Debug|Any CPU
		{6469045E-63A7-422C-9FD4-A61E80C997A2}.Debug|Any CPU.Build.0 = Debug|Any CPU
		{6469045E-63A7-422C-9FD4-A61E80C997A2}.Release|Any CPU.ActiveCfg = Release|Any CPU
		{6469045E-63A7-422C-9FD4-A61E80C997A2}.Release|Any CPU.Build.0 = Release|Any CPU
		{AB2D753E-6A15-48AD-B63A-59155937DD93}.Debug|Any CPU.ActiveCfg = Debug|Any CPU
		{AB2D753E-6A15-48AD-B63A-59155937DD93}.Debug|Any CPU.Build.0 = Debug|Any CPU
		{AB2D753E-6A15-48AD-B63A-59155937DD93}.Release|Any CPU.ActiveCfg = Release|Any CPU
		{AB2D753E-6A15-48AD-B63A-59155937DD93}.Release|Any CPU.Build.0 = Release|Any CPU
	EndGlobalSection
	GlobalSection(SolutionProperties) = preSolution
		HideSolutionNode = FALSE
	EndGlobalSection
EndGlobal
